// !$*UTF8*$!
{
	archiveVersion = 1;
	classes = {
	};
	objectVersion = 46;
	objects = {

/* Begin PBXBuildFile section */
		5869ACCB1E2EA86600182916 /* main.c in Sources */ = {isa = PBXBuildFile; fileRef = 5869ACCA1E2EA86600182916 /* main.c */; };
		5869ACD41E2EAA5000182916 /* LinkedList.c in Sources */ = {isa = PBXBuildFile; fileRef = 5869ACD21E2EAA5000182916 /* LinkedList.c */; };
		5869ACD71E30CCC100182916 /* FunctionPointerDemo.c in Sources */ = {isa = PBXBuildFile; fileRef = 5869ACD51E30CCC100182916 /* FunctionPointerDemo.c */; };
/* End PBXBuildFile section */

/* Begin PBXCopyFilesBuildPhase section */
		5869ACC51E2EA86600182916 /* CopyFiles */ = {
			isa = PBXCopyFilesBuildPhase;
			buildActionMask = 2147483647;
			dstPath = /usr/share/man/man1/;
			dstSubfolderSpec = 0;
			files = (
			);
			runOnlyForDeploymentPostprocessing = 1;
		};
/* End PBXCopyFilesBuildPhase section */

/* Begin PBXFileReference section */
		5869ACC71E2EA86600182916 /* DataStructuresAlgorithms */ = {isa = PBXFileReference; explicitFileType = "compiled.mach-o.executable"; includeInIndex = 0; path = DataStructuresAlgorithms; sourceTree = BUILT_PRODUCTS_DIR; };
		5869ACCA1E2EA86600182916 /* main.c */ = {isa = PBXFileReference; lastKnownFileType = sourcecode.c.c; path = main.c; sourceTree = "<group>"; };
		5869ACD11E2EA95000182916 /* Person.h */ = {isa = PBXFileReference; lastKnownFileType = sourcecode.c.h; path = Person.h; sourceTree = "<group>"; };
		5869ACD21E2EAA5000182916 /* LinkedList.c */ = {isa = PBXFileReference; fileEncoding = 4; lastKnownFileType = sourcecode.c.c; path = LinkedList.c; sourceTree = "<group>"; };
		5869ACD31E2EAA5000182916 /* LinkedList.h */ = {isa = PBXFileReference; fileEncoding = 4; lastKnownFileType = sourcecode.c.h; path = LinkedList.h; sourceTree = "<group>"; };
		5869ACD51E30CCC100182916 /* FunctionPointerDemo.c */ = {isa = PBXFileReference; fileEncoding = 4; lastKnownFileType = sourcecode.c.c; path = FunctionPointerDemo.c; sourceTree = "<group>"; };
		5869ACD61E30CCC100182916 /* FunctionPointerDemo.h */ = {isa = PBXFileReference; fileEncoding = 4; lastKnownFileType = sourcecode.c.h; path = FunctionPointerDemo.h; sourceTree = "<group>"; };
/* End PBXFileReference section */

/* Begin PBXFrameworksBuildPhase section */
		5869ACC41E2EA86600182916 /* Frameworks */ = {
			isa = PBXFrameworksBuildPhase;
			buildActionMask = 2147483647;
			files = (
			);
			runOnlyForDeploymentPostprocessing = 0;
		};
/* End PBXFrameworksBuildPhase section */

/* Begin PBXGroup section */
		5869ACBE1E2EA86600182916 = {
			isa = PBXGroup;
			children = (
				5869ACC91E2EA86600182916 /* DataStructuresAlgorithms */,
				5869ACC81E2EA86600182916 /* Products */,
			);
			sourceTree = "<group>";
		};
		5869ACC81E2EA86600182916 /* Products */ = {
			isa = PBXGroup;
			children = (
				5869ACC71E2EA86600182916 /* DataStructuresAlgorithms */,
			);
			name = Products;
			sourceTree = "<group>";
		};
		5869ACC91E2EA86600182916 /* DataStructuresAlgorithms */ = {
			isa = PBXGroup;
			children = (
				5869ACCA1E2EA86600182916 /* main.c */,
				5869ACD11E2EA95000182916 /* Person.h */,
				5869ACD21E2EAA5000182916 /* LinkedList.c */,
				5869ACD31E2EAA5000182916 /* LinkedList.h */,
				5869ACD51E30CCC100182916 /* FunctionPointerDemo.c */,
				5869ACD61E30CCC100182916 /* FunctionPointerDemo.h */,
			);
			path = DataStructuresAlgorithms;
			sourceTree = "<group>";
		};
/* End PBXGroup section */

/* Begin PBXNativeTarget section */
		5869ACC61E2EA86600182916 /* DataStructuresAlgorithms */ = {
			isa = PBXNativeTarget;
			buildConfigurationList = 5869ACCE1E2EA86600182916 /* Build configuration list for PBXNativeTarget "DataStructuresAlgorithms" */;
			buildPhases = (
				5869ACC31E2EA86600182916 /* Sources */,
				5869ACC41E2EA86600182916 /* Frameworks */,
				5869ACC51E2EA86600182916 /* CopyFiles */,
			);
			buildRules = (
			);
			dependencies = (
			);
			name = DataStructuresAlgorithms;
			productName = DataStructuresAlgorithms;
			productReference = 5869ACC71E2EA86600182916 /* DataStructuresAlgorithms */;
			productType = "com.apple.product-type.tool";
		};
/* End PBXNativeTarget section */

/* Begin PBXProject section */
		5869ACBF1E2EA86600182916 /* Project object */ = {
			isa = PBXProject;
			attributes = {
				LastUpgradeCheck = 0800;
				ORGANIZATIONNAME = "Matt Finucane";
				TargetAttributes = {
					5869ACC61E2EA86600182916 = {
						CreatedOnToolsVersion = 8.0;
						ProvisioningStyle = Automatic;
					};
				};
			};
			buildConfigurationList = 5869ACC21E2EA86600182916 /* Build configuration list for PBXProject "DataStructuresAlgorithms" */;
			compatibilityVersion = "Xcode 3.2";
			developmentRegion = English;
			hasScannedForEncodings = 0;
			knownRegions = (
				en,
			);
			mainGroup = 5869ACBE1E2EA86600182916;
			productRefGroup = 5869ACC81E2EA86600182916 /* Products */;
			projectDirPath = "";
			projectRoot = "";
			targets = (
				5869ACC61E2EA86600182916 /* DataStructuresAlgorithms */,
			);
		};
/* End PBXProject section */

/* Begin PBXSourcesBuildPhase section */
		5869ACC31E2EA86600182916 /* Sources */ = {
			isa = PBXSourcesBuildPhase;
			buildActionMask = 2147483647;
			files = (
				5869ACD41E2EAA5000182916 /* LinkedList.c in Sources */,
				5869ACCB1E2EA86600182916 /* main.c in Sources */,
				5869ACD71E30CCC100182916 /* FunctionPointerDemo.c in Sources */,
			);
			runOnlyForDeploymentPostprocessing = 0;
		};
/* End PBXSourcesBuildPhase section */

/* Begin XCBuildConfiguration section */
		5869ACCC1E2EA86600182916 /* Debug */ = {
			isa = XCBuildConfiguration;
			buildSettings = {
				ALWAYS_SEARCH_USER_PATHS = NO;
				CLANG_ANALYZER_NONNULL = YES;
				CLANG_CXX_LANGUAGE_STANDARD = "gnu++0x";
				CLANG_CXX_LIBRARY = "libc++";
				CLANG_ENABLE_MODULES = YES;
				CLANG_ENABLE_OBJC_ARC = YES;
				CLANG_WARN_BOOL_CONVERSION = YES;
				CLANG_WARN_CONSTANT_CONVERSION = YES;
				CLANG_WARN_DIRECT_OBJC_ISA_USAGE = YES_ERROR;
				CLANG_WARN_DOCUMENTATION_COMMENTS = YES;
				CLANG_WARN_EMPTY_BODY = YES;
				CLANG_WARN_ENUM_CONVERSION = YES;
				CLANG_WARN_INFINITE_RECURSION = YES;
				CLANG_WARN_INT_CONVERSION = YES;
				CLANG_WARN_OBJC_ROOT_CLASS = YES_ERROR;
				CLANG_WARN_SUSPICIOUS_MOVES = YES;
				CLANG_WARN_UNREACHABLE_CODE = YES;
				CLANG_WARN__DUPLICATE_METHOD_MATCH = YES;
				CODE_SIGN_IDENTITY = "-";
				COPY_PHASE_STRIP = NO;
				DEBUG_INFORMATION_FORMAT = dwarf;
				ENABLE_STRICT_OBJC_MSGSEND = YES;
				ENABLE_TESTABILITY = YES;
				GCC_C_LANGUAGE_STANDARD = gnu99;
				GCC_DYNAMIC_NO_PIC = NO;
				GCC_NO_COMMON_BLOCKS = YES;
				GCC_OPTIMIZATION_LEVEL = 0;
				GCC_PREPROCESSOR_DEFINITIONS = (
					"DEBUG=1",
					"$(inherited)",
				);
				GCC_WARN_64_TO_32_BIT_CONVERSION = YES;
				GCC_WARN_ABOUT_RETURN_TYPE = YES_ERROR;
				GCC_WARN_UNDECLARED_SELECTOR = YES;
				GCC_WARN_UNINITIALIZED_AUTOS = YES_AGGRESSIVE;
				GCC_WARN_UNUSED_FUNCTION = YES;
				GCC_WARN_UNUSED_VARIABLE = YES;
				MACOSX_DEPLOYMENT_TARGET = 10.12;
				MTL_ENABLE_DEBUG_INFO = YES;
				ONLY_ACTIVE_ARCH = YES;
				SDKROOT = macosx;
			};
			name = Debug;
		};
		5869ACCD1E2EA86600182916 /* Release */ = {
			isa = XCBuildConfiguration;
			buildSettings = {
				ALWAYS_SEARCH_USER_PATHS = NO;
				CLANG_ANALYZER_NONNULL = YES;
				CLANG_CXX_LANGUAGE_STANDARD = "gnu++0x";
				CLANG_CXX_LIBRARY = "libc++";
				CLANG_ENABLE_MODULES = YES;
				CLANG_ENABLE_OBJC_ARC = YES;
				CLANG_WARN_BOOL_CONVERSION = YES;
				CLANG_WARN_CONSTANT_CONVERSION = YES;
				CLANG_WARN_DIRECT_OBJC_ISA_USAGE = YES_ERROR;
				CLANG_WARN_DOCUMENTATION_COMMENTS = YES;
				CLANG_WARN_EMPTY_BODY = YES;
				CLANG_WARN_ENUM_CONVERSION = YES;
				CLANG_WARN_INFINITE_RECURSION = YES;
				CLANG_WARN_INT_CONVERSION = YES;
				CLANG_WARN_OBJC_ROOT_CLASS = YES_ERROR;
				CLANG_WARN_SUSPICIOUS_MOVES = YES;
				CLANG_WARN_UNREACHABLE_CODE = YES;
				CLANG_WARN__DUPLICATE_METHOD_MATCH = YES;
				CODE_SIGN_IDENTITY = "-";
				COPY_PHASE_STRIP = NO;
				DEBUG_INFORMATION_FORMAT = "dwarf-with-dsym";
				ENABLE_NS_ASSERTIONS = NO;
				ENABLE_STRICT_OBJC_MSGSEND = YES;
				GCC_C_LANGUAGE_STANDARD = gnu99;
				GCC_NO_COMMON_BLOCKS = YES;
				GCC_WARN_64_TO_32_BIT_CONVERSION = YES;
				GCC_WARN_ABOUT_RETURN_TYPE = YES_ERROR;
				GCC_WARN_UNDECLARED_SELECTOR = YES;
				GCC_WARN_UNINITIALIZED_AUTOS = YES_AGGRESSIVE;
				GCC_WARN_UNUSED_FUNCTION = YES;
				GCC_WARN_UNUSED_VARIABLE = YES;
				MACOSX_DEPLOYMENT_TARGET = 10.12;
				MTL_ENABLE_DEBUG_INFO = NO;
				SDKROOT = macosx;
			};
			name = Release;
		};
		5869ACCF1E2EA86600182916 /* Debug */ = {
			isa = XCBuildConfiguration;
			buildSettings = {
				PRODUCT_NAME = "$(TARGET_NAME)";
			};
			name = Debug;
		};
		5869ACD01E2EA86600182916 /* Release */ = {
			isa = XCBuildConfiguration;
			buildSettings = {
				PRODUCT_NAME = "$(TARGET_NAME)";
			};
			name = Release;
		};
/* End XCBuildConfiguration section */

/* Begin XCConfigurationList section */
		5869ACC21E2EA86600182916 /* Build configuration list for PBXProject "DataStructuresAlgorithms" */ = {
			isa = XCConfigurationList;
			buildConfigurations = (
				5869ACCC1E2EA86600182916 /* Debug */,
				5869ACCD1E2EA86600182916 /* Release */,
			);
			defaultConfigurationIsVisible = 0;
			defaultConfigurationName = Release;
		};
		5869ACCE1E2EA86600182916 /* Build configuration list for PBXNativeTarget "DataStructuresAlgorithms" */ = {
			isa = XCConfigurationList;
			buildConfigurations = (
				5869ACCF1E2EA86600182916 /* Debug */,
				5869ACD01E2EA86600182916 /* Release */,
			);
			defaultConfigurationIsVisible = 0;
		};
/* End XCConfigurationList section */
	};
	rootObject = 5869ACBF1E2EA86600182916 /* Project object */;
}
